
Microsoft Visual Studio Solution File, Format Version 12.00
# Visual Studio Version 17
VisualStudioVersion = 17.4.33110.190
MinimumVisualStudioVersion = 10.0.40219.1
Project("{FAE04EC0-301F-11D3-BF4B-00C04F79EFBC}") = "L3_Composite", "L3_Composite.csproj", "{55BE863D-6967-4BD1-90C4-167F76926113}"
EndProject
Global
	GlobalSection(SolutionConfigurationPlatforms) = preSolution
		Debug|Any CPU = Debug|Any CPU
		Release|Any CPU = Release|Any CPU
	EndGlobalSection
	GlobalSection(ProjectConfigurationPlatforms) = postSolution
		{55BE863D-6967-4BD1-90C4-167F76926113}.Debug|Any CPU.ActiveCfg = Debug|Any CPU
		{55BE863D-6967-4BD1-90C4-167F76926113}.Debug|Any CPU.Build.0 = Debug|Any CPU
		{55BE863D-6967-4BD1-90C4-167F76926113}.Release|Any CPU.ActiveCfg = Release|Any CPU
		{55BE863D-6967-4BD1-90C4-167F76926113}.Release|Any CPU.Build.0 = Release|Any CPU
	EndGlobalSection
	GlobalSection(SolutionProperties) = preSolution
		HideSolutionNode = FALSE
	EndGlobalSection
	GlobalSection(ExtensibilityGlobals) = postSolution
		SolutionGuid = {BF5564DB-AAF0-4344-BF17-368B756D8BDB}
	EndGlobalSection
EndGlobal
